# This file is generated by running "yarn install" inside your project.
# Manual changes might be lost - proceed with caution!

__metadata:
  version: 6
  cacheKey: 8

"@tzvipm.dev/prettier-config@npm:^0.0.2":
  version: 0.0.2
  resolution: "@tzvipm.dev/prettier-config@npm:0.0.2"
  checksum: 6667a75cd2e0207bdca7e87b9c22d843dce575ba8f6ab2e402dc1933f856f7169af49f1f67ca10b32100c25f4b1c79ce774ec2ac4eedb1ec214390534361bc1b
  languageName: node
  linkType: hard

"blazebooks@workspace:.":
  version: 0.0.0-use.local
  resolution: "blazebooks@workspace:."
  dependencies:
    "@tzvipm.dev/prettier-config": ^0.0.2
    prettier: ^3.1.1
  languageName: unknown
  linkType: soft

"prettier@npm:^3.1.1":
  version: 3.1.1
  resolution: "prettier@npm:3.1.1"
  bin:
    prettier: bin/prettier.cjs
  checksum: e386855e3a1af86a748e16953f168be555ce66d6233f4ba54eb6449b88eb0c6b2ca79441b11eae6d28a7f9a5c96440ce50864b9d5f6356d331d39d6bb66c648e
  languageName: node
  linkType: hard
